// !$*UTF8*$!
{
	archiveVersion = 1;
	classes = {
	};
	objectVersion = 55;
	objects = {

/* Begin PBXBuildFile section */
		31223AC5287B8B3F00C4B813 /* LandmarksApp.swift in Sources */ = {isa = PBXBuildFile; fileRef = 31223AC4287B8B3F00C4B813 /* LandmarksApp.swift */; };
		31223AC7287B8B3F00C4B813 /* ContentView.swift in Sources */ = {isa = PBXBuildFile; fileRef = 31223AC6287B8B3F00C4B813 /* ContentView.swift */; };
		31223AC9287B8B4200C4B813 /* Assets.xcassets in Resources */ = {isa = PBXBuildFile; fileRef = 31223AC8287B8B4200C4B813 /* Assets.xcassets */; };
		31223ACC287B8B4200C4B813 /* Preview Assets.xcassets in Resources */ = {isa = PBXBuildFile; fileRef = 31223ACB287B8B4200C4B813 /* Preview Assets.xcassets */; };
		31223AD5287B902300C4B813 /* CircleImage.swift in Sources */ = {isa = PBXBuildFile; fileRef = 31223AD4287B902300C4B813 /* CircleImage.swift */; };
		31223AD7287B91C500C4B813 /* MapView.swift in Sources */ = {isa = PBXBuildFile; fileRef = 31223AD6287B91C500C4B813 /* MapView.swift */; };
		31223AD9287D060500C4B813 /* landmarkData.json in Resources */ = {isa = PBXBuildFile; fileRef = 31223AD8287D060500C4B813 /* landmarkData.json */; };
		31223ADB287D062100C4B813 /* Landmark.swift in Sources */ = {isa = PBXBuildFile; fileRef = 31223ADA287D062100C4B813 /* Landmark.swift */; };
		31223ADD287D082E00C4B813 /* ModelData.swift in Sources */ = {isa = PBXBuildFile; fileRef = 31223ADC287D082E00C4B813 /* ModelData.swift */; };
		31223AE2287D0B8000C4B813 /* LandmarkRow.swift in Sources */ = {isa = PBXBuildFile; fileRef = 31223AE1287D0B8000C4B813 /* LandmarkRow.swift */; };
		31223AE4287D0D4500C4B813 /* LandmarkList.swift in Sources */ = {isa = PBXBuildFile; fileRef = 31223AE3287D0D4500C4B813 /* LandmarkList.swift */; };
		31223AE6287D108100C4B813 /* LandmarkDetail.swift in Sources */ = {isa = PBXBuildFile; fileRef = 31223AE5287D108100C4B813 /* LandmarkDetail.swift */; };
		31B5D4B9287E6F2F00B8BE58 /* HexagonParameters.swift in Sources */ = {isa = PBXBuildFile; fileRef = 31B5D4B8287E6F2F00B8BE58 /* HexagonParameters.swift */; };
		31B5D4BB287E86C400B8BE58 /* BadgeBackground.swift in Sources */ = {isa = PBXBuildFile; fileRef = 31B5D4BA287E86C400B8BE58 /* BadgeBackground.swift */; };
		31B5D4BD287E8F3600B8BE58 /* BadgeSymbol.swift in Sources */ = {isa = PBXBuildFile; fileRef = 31B5D4BC287E8F3600B8BE58 /* BadgeSymbol.swift */; };
		31B5D4BF287E98C200B8BE58 /* RotatedBadgeSymbol.swift in Sources */ = {isa = PBXBuildFile; fileRef = 31B5D4BE287E98C200B8BE58 /* RotatedBadgeSymbol.swift */; };
		31B5D4C1287E99AD00B8BE58 /* Badge.swift in Sources */ = {isa = PBXBuildFile; fileRef = 31B5D4C0287E99AD00B8BE58 /* Badge.swift */; };
		31CC98E2287D56730036A28A /* FavoriteButton.swift in Sources */ = {isa = PBXBuildFile; fileRef = 31CC98E1287D56730036A28A /* FavoriteButton.swift */; };
		31DE63B6288202FD0076B21D /* hikeData.json in Resources */ = {isa = PBXBuildFile; fileRef = 31DE63B5288202FD0076B21D /* hikeData.json */; };
		31DE63B8288203270076B21D /* Hike.swift in Sources */ = {isa = PBXBuildFile; fileRef = 31DE63B7288203270076B21D /* Hike.swift */; };
		31DE63BE2882046A0076B21D /* GraphCapsule.swift in Sources */ = {isa = PBXBuildFile; fileRef = 31DE63BA2882046A0076B21D /* GraphCapsule.swift */; };
		31DE63BF2882046A0076B21D /* HikeGraph.swift in Sources */ = {isa = PBXBuildFile; fileRef = 31DE63BB2882046A0076B21D /* HikeGraph.swift */; };
		31DE63C02882046A0076B21D /* HikeDetail.swift in Sources */ = {isa = PBXBuildFile; fileRef = 31DE63BC2882046A0076B21D /* HikeDetail.swift */; };
		31DE63C12882046A0076B21D /* HikeView.swift in Sources */ = {isa = PBXBuildFile; fileRef = 31DE63BD2882046A0076B21D /* HikeView.swift */; };
/* End PBXBuildFile section */

/* Begin PBXFileReference section */
		31223AC1287B8B3F00C4B813 /* Landmarks.app */ = {isa = PBXFileReference; explicitFileType = wrapper.application; includeInIndex = 0; path = Landmarks.app; sourceTree = BUILT_PRODUCTS_DIR; };
		31223AC4287B8B3F00C4B813 /* LandmarksApp.swift */ = {isa = PBXFileReference; lastKnownFileType = sourcecode.swift; path = LandmarksApp.swift; sourceTree = "<group>"; };
		31223AC6287B8B3F00C4B813 /* ContentView.swift */ = {isa = PBXFileReference; lastKnownFileType = sourcecode.swift; path = ContentView.swift; sourceTree = "<group>"; };
		31223AC8287B8B4200C4B813 /* Assets.xcassets */ = {isa = PBXFileReference; lastKnownFileType = folder.assetcatalog; path = Assets.xcassets; sourceTree = "<group>"; };
		31223ACB287B8B4200C4B813 /* Preview Assets.xcassets */ = {isa = PBXFileReference; lastKnownFileType = folder.assetcatalog; path = "Preview Assets.xcassets"; sourceTree = "<group>"; };
		31223AD4287B902300C4B813 /* CircleImage.swift */ = {isa = PBXFileReference; lastKnownFileType = sourcecode.swift; path = CircleImage.swift; sourceTree = "<group>"; };
		31223AD6287B91C500C4B813 /* MapView.swift */ = {isa = PBXFileReference; lastKnownFileType = sourcecode.swift; path = MapView.swift; sourceTree = "<group>"; };
		31223AD8287D060500C4B813 /* landmarkData.json */ = {isa = PBXFileReference; fileEncoding = 4; lastKnownFileType = text.json; path = landmarkData.json; sourceTree = "<group>"; };
		31223ADA287D062100C4B813 /* Landmark.swift */ = {isa = PBXFileReference; lastKnownFileType = sourcecode.swift; path = Landmark.swift; sourceTree = "<group>"; };
		31223ADC287D082E00C4B813 /* ModelData.swift */ = {isa = PBXFileReference; lastKnownFileType = sourcecode.swift; path = ModelData.swift; sourceTree = "<group>"; };
		31223AE1287D0B8000C4B813 /* LandmarkRow.swift */ = {isa = PBXFileReference; lastKnownFileType = sourcecode.swift; path = LandmarkRow.swift; sourceTree = "<group>"; };
		31223AE3287D0D4500C4B813 /* LandmarkList.swift */ = {isa = PBXFileReference; lastKnownFileType = sourcecode.swift; path = LandmarkList.swift; sourceTree = "<group>"; };
		31223AE5287D108100C4B813 /* LandmarkDetail.swift */ = {isa = PBXFileReference; lastKnownFileType = sourcecode.swift; path = LandmarkDetail.swift; sourceTree = "<group>"; };
		31B5D4B8287E6F2F00B8BE58 /* HexagonParameters.swift */ = {isa = PBXFileReference; lastKnownFileType = sourcecode.swift; name = HexagonParameters.swift; path = Landmarks/Views/Badges/HexagonParameters.swift; sourceTree = SOURCE_ROOT; };
		31B5D4BA287E86C400B8BE58 /* BadgeBackground.swift */ = {isa = PBXFileReference; lastKnownFileType = sourcecode.swift; path = BadgeBackground.swift; sourceTree = "<group>"; };
		31B5D4BC287E8F3600B8BE58 /* BadgeSymbol.swift */ = {isa = PBXFileReference; lastKnownFileType = sourcecode.swift; path = BadgeSymbol.swift; sourceTree = "<group>"; };
		31B5D4BE287E98C200B8BE58 /* RotatedBadgeSymbol.swift */ = {isa = PBXFileReference; lastKnownFileType = sourcecode.swift; path = RotatedBadgeSymbol.swift; sourceTree = "<group>"; };
		31B5D4C0287E99AD00B8BE58 /* Badge.swift */ = {isa = PBXFileReference; lastKnownFileType = sourcecode.swift; path = Badge.swift; sourceTree = "<group>"; };
		31CC98E1287D56730036A28A /* FavoriteButton.swift */ = {isa = PBXFileReference; lastKnownFileType = sourcecode.swift; path = FavoriteButton.swift; sourceTree = "<group>"; };
		31DE63B5288202FD0076B21D /* hikeData.json */ = {isa = PBXFileReference; fileEncoding = 4; lastKnownFileType = text.json; path = hikeData.json; sourceTree = "<group>"; };
		31DE63B7288203270076B21D /* Hike.swift */ = {isa = PBXFileReference; lastKnownFileType = sourcecode.swift; path = Hike.swift; sourceTree = "<group>"; };
		31DE63BA2882046A0076B21D /* GraphCapsule.swift */ = {isa = PBXFileReference; fileEncoding = 4; lastKnownFileType = sourcecode.swift; path = GraphCapsule.swift; sourceTree = "<group>"; };
		31DE63BB2882046A0076B21D /* HikeGraph.swift */ = {isa = PBXFileReference; fileEncoding = 4; lastKnownFileType = sourcecode.swift; path = HikeGraph.swift; sourceTree = "<group>"; };
		31DE63BC2882046A0076B21D /* HikeDetail.swift */ = {isa = PBXFileReference; fileEncoding = 4; lastKnownFileType = sourcecode.swift; path = HikeDetail.swift; sourceTree = "<group>"; };
		31DE63BD2882046A0076B21D /* HikeView.swift */ = {isa = PBXFileReference; fileEncoding = 4; lastKnownFileType = sourcecode.swift; path = HikeView.swift; sourceTree = "<group>"; };
/* End PBXFileReference section */

/* Begin PBXFrameworksBuildPhase section */
		31223ABE287B8B3F00C4B813 /* Frameworks */ = {
			isa = PBXFrameworksBuildPhase;
			buildActionMask = 2147483647;
			files = (
			);
			runOnlyForDeploymentPostprocessing = 0;
		};
/* End PBXFrameworksBuildPhase section */

/* Begin PBXGroup section */
		31223AB8287B8B3F00C4B813 = {
			isa = PBXGroup;
			children = (
				31223AC3287B8B3F00C4B813 /* Landmarks */,
				31223AC2287B8B3F00C4B813 /* Products */,
			);
			sourceTree = "<group>";
		};
		31223AC2287B8B3F00C4B813 /* Products */ = {
			isa = PBXGroup;
			children = (
				31223AC1287B8B3F00C4B813 /* Landmarks.app */,
			);
			name = Products;
			sourceTree = "<group>";
		};
		31223AC3287B8B3F00C4B813 /* Landmarks */ = {
			isa = PBXGroup;
			children = (
				31223AC4287B8B3F00C4B813 /* LandmarksApp.swift */,
				31223ADE287D0A8A00C4B813 /* Views */,
				31223ADF287D0AA500C4B813 /* Model */,
				31223AE0287D0AD200C4B813 /* Resources */,
				31223AC8287B8B4200C4B813 /* Assets.xcassets */,
				31223ACA287B8B4200C4B813 /* Preview Content */,
			);
			path = Landmarks;
			sourceTree = "<group>";
		};
		31223ACA287B8B4200C4B813 /* Preview Content */ = {
			isa = PBXGroup;
			children = (
				31223ACB287B8B4200C4B813 /* Preview Assets.xcassets */,
			);
			path = "Preview Content";
			sourceTree = "<group>";
		};
		31223ADE287D0A8A00C4B813 /* Views */ = {
			isa = PBXGroup;
			children = (
				31223AC6287B8B3F00C4B813 /* ContentView.swift */,
				31DE63B92882046A0076B21D /* Hikes */,
				31B5D4C2287E9BAF00B8BE58 /* Badges */,
				31CC98E3287D57810036A28A /* Landmarks */,
				31CC98E4287D578C0036A28A /* Helpers */,
			);
			path = Views;
			sourceTree = "<group>";
		};
		31223ADF287D0AA500C4B813 /* Model */ = {
			isa = PBXGroup;
			children = (
				31223ADC287D082E00C4B813 /* ModelData.swift */,
				31DE63B7288203270076B21D /* Hike.swift */,
				31223ADA287D062100C4B813 /* Landmark.swift */,
			);
			path = Model;
			sourceTree = "<group>";
		};
		31223AE0287D0AD200C4B813 /* Resources */ = {
			isa = PBXGroup;
			children = (
				31DE63B5288202FD0076B21D /* hikeData.json */,
				31223AD8287D060500C4B813 /* landmarkData.json */,
			);
			path = Resources;
			sourceTree = "<group>";
		};
		31B5D4C2287E9BAF00B8BE58 /* Badges */ = {
			isa = PBXGroup;
			children = (
				31B5D4C0287E99AD00B8BE58 /* Badge.swift */,
				31B5D4BA287E86C400B8BE58 /* BadgeBackground.swift */,
				31B5D4BC287E8F3600B8BE58 /* BadgeSymbol.swift */,
				31B5D4BE287E98C200B8BE58 /* RotatedBadgeSymbol.swift */,
				31B5D4B8287E6F2F00B8BE58 /* HexagonParameters.swift */,
			);
			path = Badges;
			sourceTree = "<group>";
		};
		31CC98E3287D57810036A28A /* Landmarks */ = {
			isa = PBXGroup;
			children = (
				31223AE3287D0D4500C4B813 /* LandmarkList.swift */,
				31223AE1287D0B8000C4B813 /* LandmarkRow.swift */,
				31223AE5287D108100C4B813 /* LandmarkDetail.swift */,
			);
			path = Landmarks;
			sourceTree = "<group>";
		};
		31CC98E4287D578C0036A28A /* Helpers */ = {
			isa = PBXGroup;
			children = (
				31223AD4287B902300C4B813 /* CircleImage.swift */,
				31223AD6287B91C500C4B813 /* MapView.swift */,
				31CC98E1287D56730036A28A /* FavoriteButton.swift */,
			);
			path = Helpers;
			sourceTree = "<group>";
		};
		31DE63B92882046A0076B21D /* Hikes */ = {
			isa = PBXGroup;
			children = (
				31DE63BA2882046A0076B21D /* GraphCapsule.swift */,
				31DE63BB2882046A0076B21D /* HikeGraph.swift */,
				31DE63BC2882046A0076B21D /* HikeDetail.swift */,
				31DE63BD2882046A0076B21D /* HikeView.swift */,
			);
			path = Hikes;
			sourceTree = "<group>";
		};
/* End PBXGroup section */

/* Begin PBXNativeTarget section */
		31223AC0287B8B3F00C4B813 /* Landmarks */ = {
			isa = PBXNativeTarget;
			buildConfigurationList = 31223ACF287B8B4200C4B813 /* Build configuration list for PBXNativeTarget "Landmarks" */;
			buildPhases = (
				31223ABD287B8B3F00C4B813 /* Sources */,
				31223ABE287B8B3F00C4B813 /* Frameworks */,
				31223ABF287B8B3F00C4B813 /* Resources */,
			);
			buildRules = (
			);
			dependencies = (
			);
			name = Landmarks;
			productName = Landmarks;
			productReference = 31223AC1287B8B3F00C4B813 /* Landmarks.app */;
			productType = "com.apple.product-type.application";
		};
/* End PBXNativeTarget section */

/* Begin PBXProject section */
		31223AB9287B8B3F00C4B813 /* Project object */ = {
			isa = PBXProject;
			attributes = {
				BuildIndependentTargetsInParallel = 1;
				LastSwiftUpdateCheck = 1340;
				LastUpgradeCheck = 1340;
				TargetAttributes = {
					31223AC0287B8B3F00C4B813 = {
						CreatedOnToolsVersion = 13.4.1;
					};
				};
			};
			buildConfigurationList = 31223ABC287B8B3F00C4B813 /* Build configuration list for PBXProject "Landmarks" */;
			compatibilityVersion = "Xcode 13.0";
			developmentRegion = en;
			hasScannedForEncodings = 0;
			knownRegions = (
				en,
				Base,
			);
			mainGroup = 31223AB8287B8B3F00C4B813;
			productRefGroup = 31223AC2287B8B3F00C4B813 /* Products */;
			projectDirPath = "";
			projectRoot = "";
			targets = (
				31223AC0287B8B3F00C4B813 /* Landmarks */,
			);
		};
/* End PBXProject section */

/* Begin PBXResourcesBuildPhase section */
		31223ABF287B8B3F00C4B813 /* Resources */ = {
			isa = PBXResourcesBuildPhase;
			buildActionMask = 2147483647;
			files = (
				31DE63B6288202FD0076B21D /* hikeData.json in Resources */,
				31223ACC287B8B4200C4B813 /* Preview Assets.xcassets in Resources */,
				31223AC9287B8B4200C4B813 /* Assets.xcassets in Resources */,
				31223AD9287D060500C4B813 /* landmarkData.json in Resources */,
			);
			runOnlyForDeploymentPostprocessing = 0;
		};
/* End PBXResourcesBuildPhase section */

/* Begin PBXSourcesBuildPhase section */
		31223ABD287B8B3F00C4B813 /* Sources */ = {
			isa = PBXSourcesBuildPhase;
			buildActionMask = 2147483647;
			files = (
				31223AC7287B8B3F00C4B813 /* ContentView.swift in Sources */,
				31DE63BF2882046A0076B21D /* HikeGraph.swift in Sources */,
				31B5D4C1287E99AD00B8BE58 /* Badge.swift in Sources */,
				31223AD7287B91C500C4B813 /* MapView.swift in Sources */,
				31DE63BE2882046A0076B21D /* GraphCapsule.swift in Sources */,
				31223AC5287B8B3F00C4B813 /* LandmarksApp.swift in Sources */,
				31CC98E2287D56730036A28A /* FavoriteButton.swift in Sources */,
				31DE63C02882046A0076B21D /* HikeDetail.swift in Sources */,
				31B5D4B9287E6F2F00B8BE58 /* HexagonParameters.swift in Sources */,
				31DE63B8288203270076B21D /* Hike.swift in Sources */,
				31B5D4BF287E98C200B8BE58 /* RotatedBadgeSymbol.swift in Sources */,
				31B5D4BD287E8F3600B8BE58 /* BadgeSymbol.swift in Sources */,
				31223AE4287D0D4500C4B813 /* LandmarkList.swift in Sources */,
				31DE63C12882046A0076B21D /* HikeView.swift in Sources */,
				31223AE6287D108100C4B813 /* LandmarkDetail.swift in Sources */,
				31B5D4BB287E86C400B8BE58 /* BadgeBackground.swift in Sources */,
				31223AD5287B902300C4B813 /* CircleImage.swift in Sources */,
				31223ADB287D062100C4B813 /* Landmark.swift in Sources */,
				31223AE2287D0B8000C4B813 /* LandmarkRow.swift in Sources */,
				31223ADD287D082E00C4B813 /* ModelData.swift in Sources */,
			);
			runOnlyForDeploymentPostprocessing = 0;
		};
/* End PBXSourcesBuildPhase section */

/* Begin XCBuildConfiguration section */
		31223ACD287B8B4200C4B813 /* Debug */ = {
			isa = XCBuildConfiguration;
			buildSettings = {
				ALWAYS_SEARCH_USER_PATHS = NO;
				CLANG_ANALYZER_NONNULL = YES;
				CLANG_ANALYZER_NUMBER_OBJECT_CONVERSION = YES_AGGRESSIVE;
				CLANG_CXX_LANGUAGE_STANDARD = "gnu++17";
				CLANG_ENABLE_MODULES = YES;
				CLANG_ENABLE_OBJC_ARC = YES;
				CLANG_ENABLE_OBJC_WEAK = YES;
				CLANG_WARN_BLOCK_CAPTURE_AUTORELEASING = YES;
				CLANG_WARN_BOOL_CONVERSION = YES;
				CLANG_WARN_COMMA = YES;
				CLANG_WARN_CONSTANT_CONVERSION = YES;
				CLANG_WARN_DEPRECATED_OBJC_IMPLEMENTATIONS = YES;
				CLANG_WARN_DIRECT_OBJC_ISA_USAGE = YES_ERROR;
				CLANG_WARN_DOCUMENTATION_COMMENTS = YES;
				CLANG_WARN_EMPTY_BODY = YES;
				CLANG_WARN_ENUM_CONVERSION = YES;
				CLANG_WARN_INFINITE_RECURSION = YES;
				CLANG_WARN_INT_CONVERSION = YES;
				CLANG_WARN_NON_LITERAL_NULL_CONVERSION = YES;
				CLANG_WARN_OBJC_IMPLICIT_RETAIN_SELF = YES;
				CLANG_WARN_OBJC_LITERAL_CONVERSION = YES;
				CLANG_WARN_OBJC_ROOT_CLASS = YES_ERROR;
				CLANG_WARN_QUOTED_INCLUDE_IN_FRAMEWORK_HEADER = YES;
				CLANG_WARN_RANGE_LOOP_ANALYSIS = YES;
				CLANG_WARN_STRICT_PROTOTYPES = YES;
				CLANG_WARN_SUSPICIOUS_MOVE = YES;
				CLANG_WARN_UNGUARDED_AVAILABILITY = YES_AGGRESSIVE;
				CLANG_WARN_UNREACHABLE_CODE = YES;
				CLANG_WARN__DUPLICATE_METHOD_MATCH = YES;
				COPY_PHASE_STRIP = NO;
				DEBUG_INFORMATION_FORMAT = dwarf;
				ENABLE_STRICT_OBJC_MSGSEND = YES;
				ENABLE_TESTABILITY = YES;
				GCC_C_LANGUAGE_STANDARD = gnu11;
				GCC_DYNAMIC_NO_PIC = NO;
				GCC_NO_COMMON_BLOCKS = YES;
				GCC_OPTIMIZATION_LEVEL = 0;
				GCC_PREPROCESSOR_DEFINITIONS = (
					"DEBUG=1",
					"$(inherited)",
				);
				GCC_WARN_64_TO_32_BIT_CONVERSION = YES;
				GCC_WARN_ABOUT_RETURN_TYPE = YES_ERROR;
				GCC_WARN_UNDECLARED_SELECTOR = YES;
				GCC_WARN_UNINITIALIZED_AUTOS = YES_AGGRESSIVE;
				GCC_WARN_UNUSED_FUNCTION = YES;
				GCC_WARN_UNUSED_VARIABLE = YES;
				IPHONEOS_DEPLOYMENT_TARGET = 15.5;
				MTL_ENABLE_DEBUG_INFO = INCLUDE_SOURCE;
				MTL_FAST_MATH = YES;
				ONLY_ACTIVE_ARCH = YES;
				SDKROOT = iphoneos;
				SWIFT_ACTIVE_COMPILATION_CONDITIONS = DEBUG;
				SWIFT_OPTIMIZATION_LEVEL = "-Onone";
			};
			name = Debug;
		};
		31223ACE287B8B4200C4B813 /* Release */ = {
			isa = XCBuildConfiguration;
			buildSettings = {
				ALWAYS_SEARCH_USER_PATHS = NO;
				CLANG_ANALYZER_NONNULL = YES;
				CLANG_ANALYZER_NUMBER_OBJECT_CONVERSION = YES_AGGRESSIVE;
				CLANG_CXX_LANGUAGE_STANDARD = "gnu++17";
				CLANG_ENABLE_MODULES = YES;
				CLANG_ENABLE_OBJC_ARC = YES;
				CLANG_ENABLE_OBJC_WEAK = YES;
				CLANG_WARN_BLOCK_CAPTURE_AUTORELEASING = YES;
				CLANG_WARN_BOOL_CONVERSION = YES;
				CLANG_WARN_COMMA = YES;
				CLANG_WARN_CONSTANT_CONVERSION = YES;
				CLANG_WARN_DEPRECATED_OBJC_IMPLEMENTATIONS = YES;
				CLANG_WARN_DIRECT_OBJC_ISA_USAGE = YES_ERROR;
				CLANG_WARN_DOCUMENTATION_COMMENTS = YES;
				CLANG_WARN_EMPTY_BODY = YES;
				CLANG_WARN_ENUM_CONVERSION = YES;
				CLANG_WARN_INFINITE_RECURSION = YES;
				CLANG_WARN_INT_CONVERSION = YES;
				CLANG_WARN_NON_LITERAL_NULL_CONVERSION = YES;
				CLANG_WARN_OBJC_IMPLICIT_RETAIN_SELF = YES;
				CLANG_WARN_OBJC_LITERAL_CONVERSION = YES;
				CLANG_WARN_OBJC_ROOT_CLASS = YES_ERROR;
				CLANG_WARN_QUOTED_INCLUDE_IN_FRAMEWORK_HEADER = YES;
				CLANG_WARN_RANGE_LOOP_ANALYSIS = YES;
				CLANG_WARN_STRICT_PROTOTYPES = YES;
				CLANG_WARN_SUSPICIOUS_MOVE = YES;
				CLANG_WARN_UNGUARDED_AVAILABILITY = YES_AGGRESSIVE;
				CLANG_WARN_UNREACHABLE_CODE = YES;
				CLANG_WARN__DUPLICATE_METHOD_MATCH = YES;
				COPY_PHASE_STRIP = NO;
				DEBUG_INFORMATION_FORMAT = "dwarf-with-dsym";
				ENABLE_NS_ASSERTIONS = NO;
				ENABLE_STRICT_OBJC_MSGSEND = YES;
				GCC_C_LANGUAGE_STANDARD = gnu11;
				GCC_NO_COMMON_BLOCKS = YES;
				GCC_WARN_64_TO_32_BIT_CONVERSION = YES;
				GCC_WARN_ABOUT_RETURN_TYPE = YES_ERROR;
				GCC_WARN_UNDECLARED_SELECTOR = YES;
				GCC_WARN_UNINITIALIZED_AUTOS = YES_AGGRESSIVE;
				GCC_WARN_UNUSED_FUNCTION = YES;
				GCC_WARN_UNUSED_VARIABLE = YES;
				IPHONEOS_DEPLOYMENT_TARGET = 15.5;
				MTL_ENABLE_DEBUG_INFO = NO;
				MTL_FAST_MATH = YES;
				SDKROOT = iphoneos;
				SWIFT_COMPILATION_MODE = wholemodule;
				SWIFT_OPTIMIZATION_LEVEL = "-O";
				VALIDATE_PRODUCT = YES;
			};
			name = Release;
		};
		31223AD0287B8B4200C4B813 /* Debug */ = {
			isa = XCBuildConfiguration;
			buildSettings = {
				ASSETCATALOG_COMPILER_APPICON_NAME = AppIcon;
				ASSETCATALOG_COMPILER_GLOBAL_ACCENT_COLOR_NAME = AccentColor;
				CODE_SIGN_STYLE = Automatic;
				CURRENT_PROJECT_VERSION = 1;
				DEVELOPMENT_ASSET_PATHS = "\"Landmarks/Preview Content\"";
				DEVELOPMENT_TEAM = LB38XBJ384;
				ENABLE_PREVIEWS = YES;
				GENERATE_INFOPLIST_FILE = YES;
				INFOPLIST_KEY_UIApplicationSceneManifest_Generation = YES;
				INFOPLIST_KEY_UIApplicationSupportsIndirectInputEvents = YES;
				INFOPLIST_KEY_UILaunchScreen_Generation = YES;
				INFOPLIST_KEY_UISupportedInterfaceOrientations_iPad = "UIInterfaceOrientationPortrait UIInterfaceOrientationPortraitUpsideDown UIInterfaceOrientationLandscapeLeft UIInterfaceOrientationLandscapeRight";
				INFOPLIST_KEY_UISupportedInterfaceOrientations_iPhone = "UIInterfaceOrientationPortrait UIInterfaceOrientationLandscapeLeft UIInterfaceOrientationLandscapeRight";
				LD_RUNPATH_SEARCH_PATHS = (
					"$(inherited)",
					"@executable_path/Frameworks",
				);
				MARKETING_VERSION = 1.0;
				PRODUCT_BUNDLE_IDENTIFIER = jonathanBallona.Landmarks;
				PRODUCT_NAME = "$(TARGET_NAME)";
				SWIFT_EMIT_LOC_STRINGS = YES;
				SWIFT_VERSION = 5.0;
				TARGETED_DEVICE_FAMILY = "1,2";
			};
			name = Debug;
		};
		31223AD1287B8B4200C4B813 /* Release */ = {
			isa = XCBuildConfiguration;
			buildSettings = {
				ASSETCATALOG_COMPILER_APPICON_NAME = AppIcon;
				ASSETCATALOG_COMPILER_GLOBAL_ACCENT_COLOR_NAME = AccentColor;
				CODE_SIGN_STYLE = Automatic;
				CURRENT_PROJECT_VERSION = 1;
				DEVELOPMENT_ASSET_PATHS = "\"Landmarks/Preview Content\"";
				DEVELOPMENT_TEAM = LB38XBJ384;
				ENABLE_PREVIEWS = YES;
				GENERATE_INFOPLIST_FILE = YES;
				INFOPLIST_KEY_UIApplicationSceneManifest_Generation = YES;
				INFOPLIST_KEY_UIApplicationSupportsIndirectInputEvents = YES;
				INFOPLIST_KEY_UILaunchScreen_Generation = YES;
				INFOPLIST_KEY_UISupportedInterfaceOrientations_iPad = "UIInterfaceOrientationPortrait UIInterfaceOrientationPortraitUpsideDown UIInterfaceOrientationLandscapeLeft UIInterfaceOrientationLandscapeRight";
				INFOPLIST_KEY_UISupportedInterfaceOrientations_iPhone = "UIInterfaceOrientationPortrait UIInterfaceOrientationLandscapeLeft UIInterfaceOrientationLandscapeRight";
				LD_RUNPATH_SEARCH_PATHS = (
					"$(inherited)",
					"@executable_path/Frameworks",
				);
				MARKETING_VERSION = 1.0;
				PRODUCT_BUNDLE_IDENTIFIER = jonathanBallona.Landmarks;
				PRODUCT_NAME = "$(TARGET_NAME)";
				SWIFT_EMIT_LOC_STRINGS = YES;
				SWIFT_VERSION = 5.0;
				TARGETED_DEVICE_FAMILY = "1,2";
			};
			name = Release;
		};
/* End XCBuildConfiguration section */

/* Begin XCConfigurationList section */
		31223ABC287B8B3F00C4B813 /* Build configuration list for PBXProject "Landmarks" */ = {
			isa = XCConfigurationList;
			buildConfigurations = (
				31223ACD287B8B4200C4B813 /* Debug */,
				31223ACE287B8B4200C4B813 /* Release */,
			);
			defaultConfigurationIsVisible = 0;
			defaultConfigurationName = Release;
		};
		31223ACF287B8B4200C4B813 /* Build configuration list for PBXNativeTarget "Landmarks" */ = {
			isa = XCConfigurationList;
			buildConfigurations = (
				31223AD0287B8B4200C4B813 /* Debug */,
				31223AD1287B8B4200C4B813 /* Release */,
			);
			defaultConfigurationIsVisible = 0;
			defaultConfigurationName = Release;
		};
/* End XCConfigurationList section */
	};
	rootObject = 31223AB9287B8B3F00C4B813 /* Project object */;
}
